
Microsoft Visual Studio Solution File, Format Version 12.00
# Visual Studio Version 17
VisualStudioVersion = 17.14.36429.23
MinimumVisualStudioVersion = 10.0.40219.1
Project("{2150E333-8FDC-42A3-9474-1A3956D46DE8}") = "ApiGateways", "ApiGateways", "{02EA681E-C7D8-13C7-8484-4AC65E1B71E8}"
EndProject
Project("{2150E333-8FDC-42A3-9474-1A3956D46DE8}") = "Services", "Services", "{91383016-115D-4E00-BC6C-C8D618CDFFC5}"
EndProject
Project("{2150E333-8FDC-42A3-9474-1A3956D46DE8}") = "BuildingBlocks", "BuildingBlocks", "{95700930-B7C3-4442-ABE0-0A8DC32EE63A}"
EndProject
Project("{FAE04EC0-301F-11D3-BF4B-00C04F79EFBC}") = "AgentPortalGateway.API", "AgentPortalGateway.API\AgentPortalGateway.API.csproj", "{A0F3A946-E996-4EDC-B870-E5592D6DACC5}"
EndProject
Project("{FAE04EC0-301F-11D3-BF4B-00C04F79EFBC}") = "AgentPortalGateway.Implementation", "AgentPortalGateway.Implementation\AgentPortalGateway.Implementation.csproj", "{44FA7E8E-28B9-4673-B908-6F25116AC55D}"
EndProject
Project("{FAE04EC0-301F-11D3-BF4B-00C04F79EFBC}") = "AgentPortalGateway.Tests", "AgentPortalGateway.Tests\AgentPortalGateway.Tests.csproj", "{74EC3F6E-3C53-4F29-97E0-88F0407B9FAA}"
EndProject
Project("{2150E333-8FDC-42A3-9474-1A3956D46DE8}") = "PolicyService", "PolicyService", "{14B436A1-13A1-4CFA-832E-0B3813880D76}"
EndProject
Project("{2150E333-8FDC-42A3-9474-1A3956D46DE8}") = "AuthService", "AuthService", "{C1A10325-CB4D-4E7B-A096-B96E7392B55E}"
EndProject
Project("{2150E333-8FDC-42A3-9474-1A3956D46DE8}") = "ChatService", "ChatService", "{F72679A7-5DAE-4548-8563-978A3C899BC3}"
EndProject
Project("{2150E333-8FDC-42A3-9474-1A3956D46DE8}") = "ProductService", "ProductService", "{383CD2B1-359E-494E-BB4C-F79ADD900BE1}"
EndProject
Project("{2150E333-8FDC-42A3-9474-1A3956D46DE8}") = "PricingService", "PricingService", "{B5C7B368-AC20-4E23-9D3F-B3C41F65A06F}"
EndProject
Project("{2150E333-8FDC-42A3-9474-1A3956D46DE8}") = "PolicySearchService", "PolicySearchService", "{0045B099-7945-4716-9C67-450E6A07A8AC}"
EndProject
Project("{2150E333-8FDC-42A3-9474-1A3956D46DE8}") = "PaymentService", "PaymentService", "{939C79BE-01C4-4678-848A-68A76EC9517B}"
EndProject
Project("{2150E333-8FDC-42A3-9474-1A3956D46DE8}") = "DocumentService", "DocumentService", "{40C60C25-5A23-48A1-A6A2-0579E717522D}"
EndProject
Project("{FAE04EC0-301F-11D3-BF4B-00C04F79EFBC}") = "AuthService.API", "Auth.API\AuthService.API.csproj", "{B6478B6C-5B7C-4D5B-AC34-00D90C52D3A7}"
EndProject
Project("{FAE04EC0-301F-11D3-BF4B-00C04F79EFBC}") = "ChatService.API", "Chat.API\ChatService.API.csproj", "{93DBE00E-DCFA-497D-AD81-4B8E7793893C}"
EndProject
Project("{FAE04EC0-301F-11D3-BF4B-00C04F79EFBC}") = "DocumentService.API", "Document.API\DocumentService.API.csproj", "{B274EC40-D490-4A09-9777-B25CFE05AEEF}"
EndProject
Project("{FAE04EC0-301F-11D3-BF4B-00C04F79EFBC}") = "PaymentService.API", "Payment.API\PaymentService.API.csproj", "{9059A5E8-B0D9-4DB1-98B3-455952C54F2B}"
EndProject
Project("{FAE04EC0-301F-11D3-BF4B-00C04F79EFBC}") = "PolicyService.API", "Policy.API\PolicyService.API.csproj", "{15B00E11-5109-49DA-A15E-AC10E1F925AA}"
EndProject
Project("{FAE04EC0-301F-11D3-BF4B-00C04F79EFBC}") = "PolicySearchService.API", "PolicySearch.API\PolicySearchService.API.csproj", "{AAAE1152-88B5-4EC9-A41D-E461D8BE0085}"
EndProject
Project("{FAE04EC0-301F-11D3-BF4B-00C04F79EFBC}") = "PricingService.API", "Pricing.API\PricingService.API.csproj", "{AF5C3B67-9A58-485F-AF66-483CDE9735F3}"
EndProject
Project("{FAE04EC0-301F-11D3-BF4B-00C04F79EFBC}") = "ProductService.API", "Product.API\ProductService.API.csproj", "{977B093A-CD27-4573-9F53-4D5ECF3B3FB4}"
EndProject
Project("{FAE04EC0-301F-11D3-BF4B-00C04F79EFBC}") = "AuthService.Implementation", "Auth.Implementation\AuthService.Implementation.csproj", "{5266668F-1577-4E85-AC82-63A61DEDBF8F}"
EndProject
Project("{FAE04EC0-301F-11D3-BF4B-00C04F79EFBC}") = "ChatService.Implementation", "Chat.Implementation\ChatService.Implementation.csproj", "{2BB3F9BC-9019-4E45-8C90-8124186CD38C}"
EndProject
Project("{FAE04EC0-301F-11D3-BF4B-00C04F79EFBC}") = "DocumentService.Implementation", "Document.Implementation\DocumentService.Implementation.csproj", "{B16D3744-A895-46E0-9B30-F4DC05122324}"
EndProject
Project("{FAE04EC0-301F-11D3-BF4B-00C04F79EFBC}") = "PaymentService.Implementation", "Payment.Implementation\PaymentService.Implementation.csproj", "{EA00A966-F9D1-4339-BD62-C20F71FDA290}"
EndProject
Project("{FAE04EC0-301F-11D3-BF4B-00C04F79EFBC}") = "PolicyService.Implementation", "Policy.Implementation\PolicyService.Implementation.csproj", "{6DAF8388-DD6C-4BD6-9163-6D2CECA8AB89}"
EndProject
Project("{FAE04EC0-301F-11D3-BF4B-00C04F79EFBC}") = "PolicySearchService.Implementation", "PolicySearch.Implementation\PolicySearchService.Implementation.csproj", "{E9DF89BA-D0B2-4E5C-B341-EB95B82A0B6E}"
EndProject
Project("{FAE04EC0-301F-11D3-BF4B-00C04F79EFBC}") = "PricingService.Implementation", "Pricing.Implementation\PricingService.Implementation.csproj", "{3CA166E7-125A-4858-A7C8-15C04F36A0DE}"
EndProject
Project("{FAE04EC0-301F-11D3-BF4B-00C04F79EFBC}") = "ProductService.Implementation", "Product.Implementation\ProductService.Implementation.csproj", "{035F64FC-5430-4C0B-8DCB-37C9C5D8DC8E}"
EndProject
Project("{FAE04EC0-301F-11D3-BF4B-00C04F79EFBC}") = "AuthService.Tests", "Auth.Tests\AuthService.Tests.csproj", "{3A3F4716-9972-4C33-8AA4-69B22898DE0D}"
EndProject
Project("{FAE04EC0-301F-11D3-BF4B-00C04F79EFBC}") = "ChatService.Tests", "Chat.Tests\ChatService.Tests.csproj", "{451BB358-E7D4-4517-82EE-2ED2AC9F0AFD}"
EndProject
Project("{FAE04EC0-301F-11D3-BF4B-00C04F79EFBC}") = "DocumentService.Tests", "Document.Tests\DocumentService.Tests.csproj", "{7552CB12-41F4-41A9-B656-E7F717137262}"
EndProject
Project("{FAE04EC0-301F-11D3-BF4B-00C04F79EFBC}") = "PaymentService.Tests", "Payment.Tests\PaymentService.Tests.csproj", "{A8751640-B1E9-4DFC-8E93-A64D7CE42C00}"
EndProject
Project("{FAE04EC0-301F-11D3-BF4B-00C04F79EFBC}") = "PolicyService.Tests", "Policy.Tests\PolicyService.Tests.csproj", "{D524C288-E7D3-4B30-8E4F-0B8F703CC9D5}"
EndProject
Project("{FAE04EC0-301F-11D3-BF4B-00C04F79EFBC}") = "PolicySearchService.Tests", "PolicySearch.Tests\PolicySearchService.Tests.csproj", "{E263B2AA-AD14-48BC-9A6C-3A2CB42DDE9B}"
EndProject
Project("{FAE04EC0-301F-11D3-BF4B-00C04F79EFBC}") = "PricingService.Tests", "Pricing.Tests\PricingService.Tests.csproj", "{6DE8C644-33B5-4161-BDB9-A26452DD9ACD}"
EndProject
Project("{FAE04EC0-301F-11D3-BF4B-00C04F79EFBC}") = "ProductService.Tests", "Product.Tests\ProductService.Tests.csproj", "{C6A90C3F-E579-4243-B24E-7484D80AC70F}"
EndProject
Project("{E24C65DC-7377-472B-9ABA-BC803B73C61A}") = "eureka-server", "D:\eureka-server\", "{D03235B6-6277-4B98-BAAE-68212F5E1032}"
	ProjectSection(WebsiteProperties) = preProject
		TargetFrameworkMoniker = ".NETFramework,Version%3Dv4.8.1"
		Debug.AspNetCompiler.VirtualPath = "/localhost_55265"
		Debug.AspNetCompiler.PhysicalPath = "D:\eureka-server\"
		Debug.AspNetCompiler.TargetPath = "PrecompiledWeb\localhost_55265\"
		Debug.AspNetCompiler.Updateable = "true"
		Debug.AspNetCompiler.ForceOverwrite = "true"
		Debug.AspNetCompiler.FixedNames = "false"
		Debug.AspNetCompiler.Debug = "True"
		Release.AspNetCompiler.VirtualPath = "/localhost_55265"
		Release.AspNetCompiler.PhysicalPath = "D:\eureka-server\"
		Release.AspNetCompiler.TargetPath = "PrecompiledWeb\localhost_55265\"
		Release.AspNetCompiler.Updateable = "true"
		Release.AspNetCompiler.ForceOverwrite = "true"
		Release.AspNetCompiler.FixedNames = "false"
		Release.AspNetCompiler.Debug = "False"
		VWDPort = "55265"
		SlnRelativePath = "D:\eureka-server\"
	EndProjectSection
EndProject
Project("{2150E333-8FDC-42A3-9474-1A3956D46DE8}") = "postgres", "postgres", "{8EC462FD-D22E-90A8-E5CE-7E832BA40C5D}"
	ProjectSection(SolutionItems) = preProject
		D:\postgres\createdatabases.sql = D:\postgres\createdatabases.sql
		D:\postgres\Dockerfile = D:\postgres\Dockerfile
	EndProjectSection
EndProject
Project("{E24C65DC-7377-472B-9ABA-BC803B73C61A}") = "scripts", "D:\scripts\", "{663354EE-3A70-6C56-1D9D-DB8637CD475F}"
	ProjectSection(WebsiteProperties) = preProject
		TargetFrameworkMoniker = ".NETFramework,Version%3Dv4.8.1"
		Debug.AspNetCompiler.VirtualPath = "/localhost_54854"
		Debug.AspNetCompiler.PhysicalPath = "D:\scripts\"
		Debug.AspNetCompiler.TargetPath = "PrecompiledWeb\localhost_54854\"
		Debug.AspNetCompiler.Updateable = "true"
		Debug.AspNetCompiler.ForceOverwrite = "true"
		Debug.AspNetCompiler.FixedNames = "false"
		Debug.AspNetCompiler.Debug = "True"
		Release.AspNetCompiler.VirtualPath = "/localhost_54854"
		Release.AspNetCompiler.PhysicalPath = "D:\scripts\"
		Release.AspNetCompiler.TargetPath = "PrecompiledWeb\localhost_54854\"
		Release.AspNetCompiler.Updateable = "true"
		Release.AspNetCompiler.ForceOverwrite = "true"
		Release.AspNetCompiler.FixedNames = "false"
		Release.AspNetCompiler.Debug = "False"
		VWDPort = "54854"
		SlnRelativePath = "D:\scripts\"
	EndProjectSection
EndProject
Project("{E24C65DC-7377-472B-9ABA-BC803B73C61A}") = "Web", "D:\Web\", "{3B40E31F-B876-691B-8881-6B42A5CF3060}"
	ProjectSection(WebsiteProperties) = preProject
		TargetFrameworkMoniker = ".NETFramework,Version%3Dv4.8.1"
		Debug.AspNetCompiler.VirtualPath = "/localhost_54862"
		Debug.AspNetCompiler.PhysicalPath = "D:\Web\"
		Debug.AspNetCompiler.TargetPath = "PrecompiledWeb\localhost_54862\"
		Debug.AspNetCompiler.Updateable = "true"
		Debug.AspNetCompiler.ForceOverwrite = "true"
		Debug.AspNetCompiler.FixedNames = "false"
		Debug.AspNetCompiler.Debug = "True"
		Release.AspNetCompiler.VirtualPath = "/localhost_54862"
		Release.AspNetCompiler.PhysicalPath = "D:\Web\"
		Release.AspNetCompiler.TargetPath = "PrecompiledWeb\localhost_54862\"
		Release.AspNetCompiler.Updateable = "true"
		Release.AspNetCompiler.ForceOverwrite = "true"
		Release.AspNetCompiler.FixedNames = "false"
		Release.AspNetCompiler.Debug = "False"
		VWDPort = "54862"
		SlnRelativePath = "D:\Web\"
	EndProjectSection
EndProject
Project("{E24C65DC-7377-472B-9ABA-BC803B73C61A}") = "BlazorWasmClient", "D:\BlazorWasmClient\", "{47A43286-7C9B-1165-2238-B290AB5F8987}"
	ProjectSection(WebsiteProperties) = preProject
		TargetFrameworkMoniker = ".NETFramework,Version%3Dv4.8.1"
		Debug.AspNetCompiler.VirtualPath = "/localhost_54914"
		Debug.AspNetCompiler.PhysicalPath = "D:\BlazorWasmClient\"
		Debug.AspNetCompiler.TargetPath = "PrecompiledWeb\localhost_54914\"
		Debug.AspNetCompiler.Updateable = "true"
		Debug.AspNetCompiler.ForceOverwrite = "true"
		Debug.AspNetCompiler.FixedNames = "false"
		Debug.AspNetCompiler.Debug = "True"
		Release.AspNetCompiler.VirtualPath = "/localhost_54914"
		Release.AspNetCompiler.PhysicalPath = "D:\BlazorWasmClient\"
		Release.AspNetCompiler.TargetPath = "PrecompiledWeb\localhost_54914\"
		Release.AspNetCompiler.Updateable = "true"
		Release.AspNetCompiler.ForceOverwrite = "true"
		Release.AspNetCompiler.FixedNames = "false"
		Release.AspNetCompiler.Debug = "False"
		VWDPort = "54914"
		SlnRelativePath = "D:\BlazorWasmClient\"
	EndProjectSection
EndProject
Project("{FAE04EC0-301F-11D3-BF4B-00C04F79EFBC}") = "AgentPortalApiGateway", "D:\AgentPortalApiGateway\AgentPortalApiGateway.csproj", "{E8739320-CED0-4552-4051-26544D2F90CD}"
EndProject
Global
	GlobalSection(SolutionConfigurationPlatforms) = preSolution
		Debug|Any CPU = Debug|Any CPU
		Release|Any CPU = Release|Any CPU
	EndGlobalSection
	GlobalSection(ProjectConfigurationPlatforms) = postSolution
		{A0F3A946-E996-4EDC-B870-E5592D6DACC5}.Debug|Any CPU.ActiveCfg = Debug|Any CPU
		{A0F3A946-E996-4EDC-B870-E5592D6DACC5}.Debug|Any CPU.Build.0 = Debug|Any CPU
		{A0F3A946-E996-4EDC-B870-E5592D6DACC5}.Release|Any CPU.ActiveCfg = Release|Any CPU
		{A0F3A946-E996-4EDC-B870-E5592D6DACC5}.Release|Any CPU.Build.0 = Release|Any CPU
		{44FA7E8E-28B9-4673-B908-6F25116AC55D}.Debug|Any CPU.ActiveCfg = Debug|Any CPU
		{44FA7E8E-28B9-4673-B908-6F25116AC55D}.Debug|Any CPU.Build.0 = Debug|Any CPU
		{44FA7E8E-28B9-4673-B908-6F25116AC55D}.Release|Any CPU.ActiveCfg = Release|Any CPU
		{44FA7E8E-28B9-4673-B908-6F25116AC55D}.Release|Any CPU.Build.0 = Release|Any CPU
		{74EC3F6E-3C53-4F29-97E0-88F0407B9FAA}.Debug|Any CPU.ActiveCfg = Debug|Any CPU
		{74EC3F6E-3C53-4F29-97E0-88F0407B9FAA}.Debug|Any CPU.Build.0 = Debug|Any CPU
		{74EC3F6E-3C53-4F29-97E0-88F0407B9FAA}.Release|Any CPU.ActiveCfg = Release|Any CPU
		{74EC3F6E-3C53-4F29-97E0-88F0407B9FAA}.Release|Any CPU.Build.0 = Release|Any CPU
		{B6478B6C-5B7C-4D5B-AC34-00D90C52D3A7}.Debug|Any CPU.ActiveCfg = Debug|Any CPU
		{B6478B6C-5B7C-4D5B-AC34-00D90C52D3A7}.Debug|Any CPU.Build.0 = Debug|Any CPU
		{B6478B6C-5B7C-4D5B-AC34-00D90C52D3A7}.Release|Any CPU.ActiveCfg = Release|Any CPU
		{B6478B6C-5B7C-4D5B-AC34-00D90C52D3A7}.Release|Any CPU.Build.0 = Release|Any CPU
		{93DBE00E-DCFA-497D-AD81-4B8E7793893C}.Debug|Any CPU.ActiveCfg = Debug|Any CPU
		{93DBE00E-DCFA-497D-AD81-4B8E7793893C}.Debug|Any CPU.Build.0 = Debug|Any CPU
		{93DBE00E-DCFA-497D-AD81-4B8E7793893C}.Release|Any CPU.ActiveCfg = Release|Any CPU
		{93DBE00E-DCFA-497D-AD81-4B8E7793893C}.Release|Any CPU.Build.0 = Release|Any CPU
		{B274EC40-D490-4A09-9777-B25CFE05AEEF}.Debug|Any CPU.ActiveCfg = Debug|Any CPU
		{B274EC40-D490-4A09-9777-B25CFE05AEEF}.Debug|Any CPU.Build.0 = Debug|Any CPU
		{B274EC40-D490-4A09-9777-B25CFE05AEEF}.Release|Any CPU.ActiveCfg = Release|Any CPU
		{B274EC40-D490-4A09-9777-B25CFE05AEEF}.Release|Any CPU.Build.0 = Release|Any CPU
		{9059A5E8-B0D9-4DB1-98B3-455952C54F2B}.Debug|Any CPU.ActiveCfg = Debug|Any CPU
		{9059A5E8-B0D9-4DB1-98B3-455952C54F2B}.Debug|Any CPU.Build.0 = Debug|Any CPU
		{9059A5E8-B0D9-4DB1-98B3-455952C54F2B}.Release|Any CPU.ActiveCfg = Release|Any CPU
		{9059A5E8-B0D9-4DB1-98B3-455952C54F2B}.Release|Any CPU.Build.0 = Release|Any CPU
		{15B00E11-5109-49DA-A15E-AC10E1F925AA}.Debug|Any CPU.ActiveCfg = Debug|Any CPU
		{15B00E11-5109-49DA-A15E-AC10E1F925AA}.Debug|Any CPU.Build.0 = Debug|Any CPU
		{15B00E11-5109-49DA-A15E-AC10E1F925AA}.Release|Any CPU.ActiveCfg = Release|Any CPU
		{15B00E11-5109-49DA-A15E-AC10E1F925AA}.Release|Any CPU.Build.0 = Release|Any CPU
		{AAAE1152-88B5-4EC9-A41D-E461D8BE0085}.Debug|Any CPU.ActiveCfg = Debug|Any CPU
		{AAAE1152-88B5-4EC9-A41D-E461D8BE0085}.Debug|Any CPU.Build.0 = Debug|Any CPU
		{AAAE1152-88B5-4EC9-A41D-E461D8BE0085}.Release|Any CPU.ActiveCfg = Release|Any CPU
		{AAAE1152-88B5-4EC9-A41D-E461D8BE0085}.Release|Any CPU.Build.0 = Release|Any CPU
		{AF5C3B67-9A58-485F-AF66-483CDE9735F3}.Debug|Any CPU.ActiveCfg = Debug|Any CPU
		{AF5C3B67-9A58-485F-AF66-483CDE9735F3}.Debug|Any CPU.Build.0 = Debug|Any CPU
		{AF5C3B67-9A58-485F-AF66-483CDE9735F3}.Release|Any CPU.ActiveCfg = Release|Any CPU
		{AF5C3B67-9A58-485F-AF66-483CDE9735F3}.Release|Any CPU.Build.0 = Release|Any CPU
		{977B093A-CD27-4573-9F53-4D5ECF3B3FB4}.Debug|Any CPU.ActiveCfg = Debug|Any CPU
		{977B093A-CD27-4573-9F53-4D5ECF3B3FB4}.Debug|Any CPU.Build.0 = Debug|Any CPU
		{977B093A-CD27-4573-9F53-4D5ECF3B3FB4}.Release|Any CPU.ActiveCfg = Release|Any CPU
		{977B093A-CD27-4573-9F53-4D5ECF3B3FB4}.Release|Any CPU.Build.0 = Release|Any CPU
		{5266668F-1577-4E85-AC82-63A61DEDBF8F}.Debug|Any CPU.ActiveCfg = Debug|Any CPU
		{5266668F-1577-4E85-AC82-63A61DEDBF8F}.Debug|Any CPU.Build.0 = Debug|Any CPU
		{5266668F-1577-4E85-AC82-63A61DEDBF8F}.Release|Any CPU.ActiveCfg = Release|Any CPU
		{5266668F-1577-4E85-AC82-63A61DEDBF8F}.Release|Any CPU.Build.0 = Release|Any CPU
		{2BB3F9BC-9019-4E45-8C90-8124186CD38C}.Debug|Any CPU.ActiveCfg = Debug|Any CPU
		{2BB3F9BC-9019-4E45-8C90-8124186CD38C}.Debug|Any CPU.Build.0 = Debug|Any CPU
		{2BB3F9BC-9019-4E45-8C90-8124186CD38C}.Release|Any CPU.ActiveCfg = Release|Any CPU
		{2BB3F9BC-9019-4E45-8C90-8124186CD38C}.Release|Any CPU.Build.0 = Release|Any CPU
		{B16D3744-A895-46E0-9B30-F4DC05122324}.Debug|Any CPU.ActiveCfg = Debug|Any CPU
		{B16D3744-A895-46E0-9B30-F4DC05122324}.Debug|Any CPU.Build.0 = Debug|Any CPU
		{B16D3744-A895-46E0-9B30-F4DC05122324}.Release|Any CPU.ActiveCfg = Release|Any CPU
		{B16D3744-A895-46E0-9B30-F4DC05122324}.Release|Any CPU.Build.0 = Release|Any CPU
		{EA00A966-F9D1-4339-BD62-C20F71FDA290}.Debug|Any CPU.ActiveCfg = Debug|Any CPU
		{EA00A966-F9D1-4339-BD62-C20F71FDA290}.Debug|Any CPU.Build.0 = Debug|Any CPU
		{EA00A966-F9D1-4339-BD62-C20F71FDA290}.Release|Any CPU.ActiveCfg = Release|Any CPU
		{EA00A966-F9D1-4339-BD62-C20F71FDA290}.Release|Any CPU.Build.0 = Release|Any CPU
		{6DAF8388-DD6C-4BD6-9163-6D2CECA8AB89}.Debug|Any CPU.ActiveCfg = Debug|Any CPU
		{6DAF8388-DD6C-4BD6-9163-6D2CECA8AB89}.Debug|Any CPU.Build.0 = Debug|Any CPU
		{6DAF8388-DD6C-4BD6-9163-6D2CECA8AB89}.Release|Any CPU.ActiveCfg = Release|Any CPU
		{6DAF8388-DD6C-4BD6-9163-6D2CECA8AB89}.Release|Any CPU.Build.0 = Release|Any CPU
		{E9DF89BA-D0B2-4E5C-B341-EB95B82A0B6E}.Debug|Any CPU.ActiveCfg = Debug|Any CPU
		{E9DF89BA-D0B2-4E5C-B341-EB95B82A0B6E}.Debug|Any CPU.Build.0 = Debug|Any CPU
		{E9DF89BA-D0B2-4E5C-B341-EB95B82A0B6E}.Release|Any CPU.ActiveCfg = Release|Any CPU
		{E9DF89BA-D0B2-4E5C-B341-EB95B82A0B6E}.Release|Any CPU.Build.0 = Release|Any CPU
		{3CA166E7-125A-4858-A7C8-15C04F36A0DE}.Debug|Any CPU.ActiveCfg = Debug|Any CPU
		{3CA166E7-125A-4858-A7C8-15C04F36A0DE}.Debug|Any CPU.Build.0 = Debug|Any CPU
		{3CA166E7-125A-4858-A7C8-15C04F36A0DE}.Release|Any CPU.ActiveCfg = Release|Any CPU
		{3CA166E7-125A-4858-A7C8-15C04F36A0DE}.Release|Any CPU.Build.0 = Release|Any CPU
		{035F64FC-5430-4C0B-8DCB-37C9C5D8DC8E}.Debug|Any CPU.ActiveCfg = Debug|Any CPU
		{035F64FC-5430-4C0B-8DCB-37C9C5D8DC8E}.Debug|Any CPU.Build.0 = Debug|Any CPU
		{035F64FC-5430-4C0B-8DCB-37C9C5D8DC8E}.Release|Any CPU.ActiveCfg = Release|Any CPU
		{035F64FC-5430-4C0B-8DCB-37C9C5D8DC8E}.Release|Any CPU.Build.0 = Release|Any CPU
		{3A3F4716-9972-4C33-8AA4-69B22898DE0D}.Debug|Any CPU.ActiveCfg = Debug|Any CPU
		{3A3F4716-9972-4C33-8AA4-69B22898DE0D}.Debug|Any CPU.Build.0 = Debug|Any CPU
		{3A3F4716-9972-4C33-8AA4-69B22898DE0D}.Release|Any CPU.ActiveCfg = Release|Any CPU
		{3A3F4716-9972-4C33-8AA4-69B22898DE0D}.Release|Any CPU.Build.0 = Release|Any CPU
		{451BB358-E7D4-4517-82EE-2ED2AC9F0AFD}.Debug|Any CPU.ActiveCfg = Debug|Any CPU
		{451BB358-E7D4-4517-82EE-2ED2AC9F0AFD}.Debug|Any CPU.Build.0 = Debug|Any CPU
		{451BB358-E7D4-4517-82EE-2ED2AC9F0AFD}.Release|Any CPU.ActiveCfg = Release|Any CPU
		{451BB358-E7D4-4517-82EE-2ED2AC9F0AFD}.Release|Any CPU.Build.0 = Release|Any CPU
		{7552CB12-41F4-41A9-B656-E7F717137262}.Debug|Any CPU.ActiveCfg = Debug|Any CPU
		{7552CB12-41F4-41A9-B656-E7F717137262}.Debug|Any CPU.Build.0 = Debug|Any CPU
		{7552CB12-41F4-41A9-B656-E7F717137262}.Release|Any CPU.ActiveCfg = Release|Any CPU
		{7552CB12-41F4-41A9-B656-E7F717137262}.Release|Any CPU.Build.0 = Release|Any CPU
		{A8751640-B1E9-4DFC-8E93-A64D7CE42C00}.Debug|Any CPU.ActiveCfg = Debug|Any CPU
		{A8751640-B1E9-4DFC-8E93-A64D7CE42C00}.Debug|Any CPU.Build.0 = Debug|Any CPU
		{A8751640-B1E9-4DFC-8E93-A64D7CE42C00}.Release|Any CPU.ActiveCfg = Release|Any CPU
		{A8751640-B1E9-4DFC-8E93-A64D7CE42C00}.Release|Any CPU.Build.0 = Release|Any CPU
		{D524C288-E7D3-4B30-8E4F-0B8F703CC9D5}.Debug|Any CPU.ActiveCfg = Debug|Any CPU
		{D524C288-E7D3-4B30-8E4F-0B8F703CC9D5}.Debug|Any CPU.Build.0 = Debug|Any CPU
		{D524C288-E7D3-4B30-8E4F-0B8F703CC9D5}.Release|Any CPU.ActiveCfg = Release|Any CPU
		{D524C288-E7D3-4B30-8E4F-0B8F703CC9D5}.Release|Any CPU.Build.0 = Release|Any CPU
		{E263B2AA-AD14-48BC-9A6C-3A2CB42DDE9B}.Debug|Any CPU.ActiveCfg = Debug|Any CPU
		{E263B2AA-AD14-48BC-9A6C-3A2CB42DDE9B}.Debug|Any CPU.Build.0 = Debug|Any CPU
		{E263B2AA-AD14-48BC-9A6C-3A2CB42DDE9B}.Release|Any CPU.ActiveCfg = Release|Any CPU
		{E263B2AA-AD14-48BC-9A6C-3A2CB42DDE9B}.Release|Any CPU.Build.0 = Release|Any CPU
		{6DE8C644-33B5-4161-BDB9-A26452DD9ACD}.Debug|Any CPU.ActiveCfg = Debug|Any CPU
		{6DE8C644-33B5-4161-BDB9-A26452DD9ACD}.Debug|Any CPU.Build.0 = Debug|Any CPU
		{6DE8C644-33B5-4161-BDB9-A26452DD9ACD}.Release|Any CPU.ActiveCfg = Release|Any CPU
		{6DE8C644-33B5-4161-BDB9-A26452DD9ACD}.Release|Any CPU.Build.0 = Release|Any CPU
		{C6A90C3F-E579-4243-B24E-7484D80AC70F}.Debug|Any CPU.ActiveCfg = Debug|Any CPU
		{C6A90C3F-E579-4243-B24E-7484D80AC70F}.Debug|Any CPU.Build.0 = Debug|Any CPU
		{C6A90C3F-E579-4243-B24E-7484D80AC70F}.Release|Any CPU.ActiveCfg = Release|Any CPU
		{C6A90C3F-E579-4243-B24E-7484D80AC70F}.Release|Any CPU.Build.0 = Release|Any CPU
		{D03235B6-6277-4B98-BAAE-68212F5E1032}.Debug|Any CPU.ActiveCfg = Debug|Any CPU
		{D03235B6-6277-4B98-BAAE-68212F5E1032}.Debug|Any CPU.Build.0 = Debug|Any CPU
		{D03235B6-6277-4B98-BAAE-68212F5E1032}.Release|Any CPU.ActiveCfg = Debug|Any CPU
		{D03235B6-6277-4B98-BAAE-68212F5E1032}.Release|Any CPU.Build.0 = Debug|Any CPU
		{663354EE-3A70-6C56-1D9D-DB8637CD475F}.Debug|Any CPU.ActiveCfg = Debug|Any CPU
		{663354EE-3A70-6C56-1D9D-DB8637CD475F}.Debug|Any CPU.Build.0 = Debug|Any CPU
		{663354EE-3A70-6C56-1D9D-DB8637CD475F}.Release|Any CPU.ActiveCfg = Debug|Any CPU
		{663354EE-3A70-6C56-1D9D-DB8637CD475F}.Release|Any CPU.Build.0 = Debug|Any CPU
		{3B40E31F-B876-691B-8881-6B42A5CF3060}.Debug|Any CPU.ActiveCfg = Debug|Any CPU
		{3B40E31F-B876-691B-8881-6B42A5CF3060}.Debug|Any CPU.Build.0 = Debug|Any CPU
		{3B40E31F-B876-691B-8881-6B42A5CF3060}.Release|Any CPU.ActiveCfg = Debug|Any CPU
		{3B40E31F-B876-691B-8881-6B42A5CF3060}.Release|Any CPU.Build.0 = Debug|Any CPU
		{47A43286-7C9B-1165-2238-B290AB5F8987}.Debug|Any CPU.ActiveCfg = Debug|Any CPU
		{47A43286-7C9B-1165-2238-B290AB5F8987}.Debug|Any CPU.Build.0 = Debug|Any CPU
		{47A43286-7C9B-1165-2238-B290AB5F8987}.Release|Any CPU.ActiveCfg = Debug|Any CPU
		{47A43286-7C9B-1165-2238-B290AB5F8987}.Release|Any CPU.Build.0 = Debug|Any CPU
		{E8739320-CED0-4552-4051-26544D2F90CD}.Debug|Any CPU.ActiveCfg = Debug|Any CPU
		{E8739320-CED0-4552-4051-26544D2F90CD}.Debug|Any CPU.Build.0 = Debug|Any CPU
		{E8739320-CED0-4552-4051-26544D2F90CD}.Release|Any CPU.ActiveCfg = Release|Any CPU
		{E8739320-CED0-4552-4051-26544D2F90CD}.Release|Any CPU.Build.0 = Release|Any CPU
	EndGlobalSection
	GlobalSection(SolutionProperties) = preSolution
		HideSolutionNode = FALSE
	EndGlobalSection
	GlobalSection(NestedProjects) = preSolution
		{A0F3A946-E996-4EDC-B870-E5592D6DACC5} = {02EA681E-C7D8-13C7-8484-4AC65E1B71E8}
		{44FA7E8E-28B9-4673-B908-6F25116AC55D} = {02EA681E-C7D8-13C7-8484-4AC65E1B71E8}
		{74EC3F6E-3C53-4F29-97E0-88F0407B9FAA} = {02EA681E-C7D8-13C7-8484-4AC65E1B71E8}
		{14B436A1-13A1-4CFA-832E-0B3813880D76} = {91383016-115D-4E00-BC6C-C8D618CDFFC5}
		{C1A10325-CB4D-4E7B-A096-B96E7392B55E} = {91383016-115D-4E00-BC6C-C8D618CDFFC5}
		{F72679A7-5DAE-4548-8563-978A3C899BC3} = {91383016-115D-4E00-BC6C-C8D618CDFFC5}
		{383CD2B1-359E-494E-BB4C-F79ADD900BE1} = {91383016-115D-4E00-BC6C-C8D618CDFFC5}
		{B5C7B368-AC20-4E23-9D3F-B3C41F65A06F} = {91383016-115D-4E00-BC6C-C8D618CDFFC5}
		{0045B099-7945-4716-9C67-450E6A07A8AC} = {91383016-115D-4E00-BC6C-C8D618CDFFC5}
		{939C79BE-01C4-4678-848A-68A76EC9517B} = {91383016-115D-4E00-BC6C-C8D618CDFFC5}
		{40C60C25-5A23-48A1-A6A2-0579E717522D} = {91383016-115D-4E00-BC6C-C8D618CDFFC5}
		{B6478B6C-5B7C-4D5B-AC34-00D90C52D3A7} = {C1A10325-CB4D-4E7B-A096-B96E7392B55E}
		{93DBE00E-DCFA-497D-AD81-4B8E7793893C} = {F72679A7-5DAE-4548-8563-978A3C899BC3}
		{B274EC40-D490-4A09-9777-B25CFE05AEEF} = {40C60C25-5A23-48A1-A6A2-0579E717522D}
		{9059A5E8-B0D9-4DB1-98B3-455952C54F2B} = {939C79BE-01C4-4678-848A-68A76EC9517B}
		{15B00E11-5109-49DA-A15E-AC10E1F925AA} = {14B436A1-13A1-4CFA-832E-0B3813880D76}
		{AAAE1152-88B5-4EC9-A41D-E461D8BE0085} = {0045B099-7945-4716-9C67-450E6A07A8AC}
		{AF5C3B67-9A58-485F-AF66-483CDE9735F3} = {B5C7B368-AC20-4E23-9D3F-B3C41F65A06F}
		{977B093A-CD27-4573-9F53-4D5ECF3B3FB4} = {383CD2B1-359E-494E-BB4C-F79ADD900BE1}
		{5266668F-1577-4E85-AC82-63A61DEDBF8F} = {C1A10325-CB4D-4E7B-A096-B96E7392B55E}
		{2BB3F9BC-9019-4E45-8C90-8124186CD38C} = {F72679A7-5DAE-4548-8563-978A3C899BC3}
		{B16D3744-A895-46E0-9B30-F4DC05122324} = {40C60C25-5A23-48A1-A6A2-0579E717522D}
		{EA00A966-F9D1-4339-BD62-C20F71FDA290} = {939C79BE-01C4-4678-848A-68A76EC9517B}
		{6DAF8388-DD6C-4BD6-9163-6D2CECA8AB89} = {14B436A1-13A1-4CFA-832E-0B3813880D76}
		{E9DF89BA-D0B2-4E5C-B341-EB95B82A0B6E} = {0045B099-7945-4716-9C67-450E6A07A8AC}
		{3CA166E7-125A-4858-A7C8-15C04F36A0DE} = {B5C7B368-AC20-4E23-9D3F-B3C41F65A06F}
		{035F64FC-5430-4C0B-8DCB-37C9C5D8DC8E} = {383CD2B1-359E-494E-BB4C-F79ADD900BE1}
		{3A3F4716-9972-4C33-8AA4-69B22898DE0D} = {C1A10325-CB4D-4E7B-A096-B96E7392B55E}
		{451BB358-E7D4-4517-82EE-2ED2AC9F0AFD} = {F72679A7-5DAE-4548-8563-978A3C899BC3}
		{7552CB12-41F4-41A9-B656-E7F717137262} = {40C60C25-5A23-48A1-A6A2-0579E717522D}
		{A8751640-B1E9-4DFC-8E93-A64D7CE42C00} = {939C79BE-01C4-4678-848A-68A76EC9517B}
		{D524C288-E7D3-4B30-8E4F-0B8F703CC9D5} = {14B436A1-13A1-4CFA-832E-0B3813880D76}
		{E263B2AA-AD14-48BC-9A6C-3A2CB42DDE9B} = {0045B099-7945-4716-9C67-450E6A07A8AC}
		{6DE8C644-33B5-4161-BDB9-A26452DD9ACD} = {B5C7B368-AC20-4E23-9D3F-B3C41F65A06F}
		{C6A90C3F-E579-4243-B24E-7484D80AC70F} = {383CD2B1-359E-494E-BB4C-F79ADD900BE1}
	EndGlobalSection
	GlobalSection(ExtensibilityGlobals) = postSolution
		SolutionGuid = {E73923CD-CC2C-4514-8D25-A1DF958D5312}
	EndGlobalSection
EndGlobal
